
Microsoft Visual Studio Solution File, Format Version 12.00
# Visual Studio Version 17
VisualStudioVersion = 17.10.34916.146
MinimumVisualStudioVersion = 10.0.40219.1
Project("{9A19103F-16F7-4668-BE54-9A1E7A4F7556}") = "Lab1", "Lab1\Lab1.csproj", "{E7A80086-3FD4-4497-8B23-CE419B59F864}"
EndProject
Project("{9A19103F-16F7-4668-BE54-9A1E7A4F7556}") = "Lab1.Tests", "Lab1.Tests\Lab1.Tests.csproj", "{73C06A82-851F-4C32-AF3D-BA688EE3F4E0}"
EndProject
Project("{9A19103F-16F7-4668-BE54-9A1E7A4F7556}") = "Lab2", "Lab2\Lab2.csproj", "{2B4D3443-B5AD-4EA1-9B26-48B8842217FC}"
EndProject
Project("{9A19103F-16F7-4668-BE54-9A1E7A4F7556}") = "Lab2.Tests", "Lab2.Tests\Lab2.Tests.csproj", "{97B134EA-4794-4AA5-AE73-721979190170}"
EndProject
Project("{9A19103F-16F7-4668-BE54-9A1E7A4F7556}") = "Lab3", "Lab3\Lab3.csproj", "{A5A1B0AA-EB3A-4E40-9476-12FA193F6470}"
EndProject
Project("{9A19103F-16F7-4668-BE54-9A1E7A4F7556}") = "Lab3.Tests", "Lab3.Tests\Lab3.Tests.csproj", "{EB05C20C-3B2B-440D-92D5-47FC5ABF1C5E}"
EndProject
Project("{9A19103F-16F7-4668-BE54-9A1E7A4F7556}") = "Lab4", "Lab4\Lab4.csproj", "{FF3D9568-4647-47FC-B9E0-01AFEBC51F37}"
EndProject
Project("{9A19103F-16F7-4668-BE54-9A1E7A4F7556}") = "LabsLibrary", "LabsLibrary\LabsLibrary.csproj", "{757A7274-E930-404F-9807-1405EB34CB94}"
EndProject
Project("{2150E333-8FDC-42A3-9474-1A3956D46DE8}") = "Элементы решения", "Элементы решения", "{E571362A-802A-49F4-A17A-651711024A65}"
	ProjectSection(SolutionItems) = preProject
		Vagrantfile = Vagrantfile
	EndProjectSection
EndProject
Global
	GlobalSection(SolutionConfigurationPlatforms) = preSolution
		Debug|Any CPU = Debug|Any CPU
		Release|Any CPU = Release|Any CPU
	EndGlobalSection
	GlobalSection(ProjectConfigurationPlatforms) = postSolution
		{E7A80086-3FD4-4497-8B23-CE419B59F864}.Debug|Any CPU.ActiveCfg = Debug|Any CPU
		{E7A80086-3FD4-4497-8B23-CE419B59F864}.Debug|Any CPU.Build.0 = Debug|Any CPU
		{E7A80086-3FD4-4497-8B23-CE419B59F864}.Release|Any CPU.ActiveCfg = Release|Any CPU
		{E7A80086-3FD4-4497-8B23-CE419B59F864}.Release|Any CPU.Build.0 = Release|Any CPU
		{73C06A82-851F-4C32-AF3D-BA688EE3F4E0}.Debug|Any CPU.ActiveCfg = Debug|Any CPU
		{73C06A82-851F-4C32-AF3D-BA688EE3F4E0}.Debug|Any CPU.Build.0 = Debug|Any CPU
		{73C06A82-851F-4C32-AF3D-BA688EE3F4E0}.Release|Any CPU.ActiveCfg = Release|Any CPU
		{73C06A82-851F-4C32-AF3D-BA688EE3F4E0}.Release|Any CPU.Build.0 = Release|Any CPU
		{2B4D3443-B5AD-4EA1-9B26-48B8842217FC}.Debug|Any CPU.ActiveCfg = Debug|Any CPU
		{2B4D3443-B5AD-4EA1-9B26-48B8842217FC}.Debug|Any CPU.Build.0 = Debug|Any CPU
		{2B4D3443-B5AD-4EA1-9B26-48B8842217FC}.Release|Any CPU.ActiveCfg = Release|Any CPU
		{2B4D3443-B5AD-4EA1-9B26-48B8842217FC}.Release|Any CPU.Build.0 = Release|Any CPU
		{97B134EA-4794-4AA5-AE73-721979190170}.Debug|Any CPU.ActiveCfg = Debug|Any CPU
		{97B134EA-4794-4AA5-AE73-721979190170}.Debug|Any CPU.Build.0 = Debug|Any CPU
		{97B134EA-4794-4AA5-AE73-721979190170}.Release|Any CPU.ActiveCfg = Release|Any CPU
		{97B134EA-4794-4AA5-AE73-721979190170}.Release|Any CPU.Build.0 = Release|Any CPU
		{A5A1B0AA-EB3A-4E40-9476-12FA193F6470}.Debug|Any CPU.ActiveCfg = Debug|Any CPU
		{A5A1B0AA-EB3A-4E40-9476-12FA193F6470}.Debug|Any CPU.Build.0 = Debug|Any CPU
		{A5A1B0AA-EB3A-4E40-9476-12FA193F6470}.Release|Any CPU.ActiveCfg = Release|Any CPU
		{A5A1B0AA-EB3A-4E40-9476-12FA193F6470}.Release|Any CPU.Build.0 = Release|Any CPU
		{EB05C20C-3B2B-440D-92D5-47FC5ABF1C5E}.Debug|Any CPU.ActiveCfg = Debug|Any CPU
		{EB05C20C-3B2B-440D-92D5-47FC5ABF1C5E}.Debug|Any CPU.Build.0 = Debug|Any CPU
		{EB05C20C-3B2B-440D-92D5-47FC5ABF1C5E}.Release|Any CPU.ActiveCfg = Release|Any CPU
		{EB05C20C-3B2B-440D-92D5-47FC5ABF1C5E}.Release|Any CPU.Build.0 = Release|Any CPU
		{FF3D9568-4647-47FC-B9E0-01AFEBC51F37}.Debug|Any CPU.ActiveCfg = Debug|Any CPU
		{FF3D9568-4647-47FC-B9E0-01AFEBC51F37}.Debug|Any CPU.Build.0 = Debug|Any CPU
		{FF3D9568-4647-47FC-B9E0-01AFEBC51F37}.Release|Any CPU.ActiveCfg = Release|Any CPU
		{FF3D9568-4647-47FC-B9E0-01AFEBC51F37}.Release|Any CPU.Build.0 = Release|Any CPU
		{757A7274-E930-404F-9807-1405EB34CB94}.Debug|Any CPU.ActiveCfg = Debug|Any CPU
		{757A7274-E930-404F-9807-1405EB34CB94}.Debug|Any CPU.Build.0 = Debug|Any CPU
		{757A7274-E930-404F-9807-1405EB34CB94}.Release|Any CPU.ActiveCfg = Release|Any CPU
		{757A7274-E930-404F-9807-1405EB34CB94}.Release|Any CPU.Build.0 = Release|Any CPU
	EndGlobalSection
	GlobalSection(SolutionProperties) = preSolution
		HideSolutionNode = FALSE
	EndGlobalSection
	GlobalSection(ExtensibilityGlobals) = postSolution
		SolutionGuid = {4D789D00-9C16-48CA-A062-0DEA2DA76898}
	EndGlobalSection
EndGlobal
